
Microsoft Visual Studio Solution File, Format Version 12.00
# Visual Studio Version 17
VisualStudioVersion = 17.7.33711.374
MinimumVisualStudioVersion = 10.0.40219.1
Project("{FAE04EC0-301F-11D3-BF4B-00C04F79EFBC}") = "BanList", "BanList.csproj", "{3F769AE5-6364-4745-976A-79B8A2312C4C}"
EndProject
Global
	GlobalSection(SolutionConfigurationPlatforms) = preSolution
		Debug|Any CPU = Debug|Any CPU
		Release|Any CPU = Release|Any CPU
	EndGlobalSection
	GlobalSection(ProjectConfigurationPlatforms) = postSolution
		{3F769AE5-6364-4745-976A-79B8A2312C4C}.Debug|Any CPU.ActiveCfg = Debug|Any CPU
		{3F769AE5-6364-4745-976A-79B8A2312C4C}.Debug|Any CPU.Build.0 = Debug|Any CPU
		{3F769AE5-6364-4745-976A-79B8A2312C4C}.Release|Any CPU.ActiveCfg = Release|Any CPU
		{3F769AE5-6364-4745-976A-79B8A2312C4C}.Release|Any CPU.Build.0 = Release|Any CPU
	EndGlobalSection
	GlobalSection(SolutionProperties) = preSolution
		HideSolutionNode = FALSE
	EndGlobalSection
	GlobalSection(ExtensibilityGlobals) = postSolution
		SolutionGuid = {3B36269A-5350-4813-8459-7C0875F03961}
	EndGlobalSection
EndGlobal
